
Microsoft Visual Studio Solution File, Format Version 12.00
# Visual Studio Version 17
VisualStudioVersion = 17.14.36518.9 d17.14
MinimumVisualStudioVersion = 10.0.40219.1
Project("{FAE04EC0-301F-11D3-BF4B-00C04F79EFBC}") = "Sofragrancia-api", "Sofragrancia-api\Sofragrancia-api.csproj", "{C7A623E3-E4CE-43D7-8044-8AF952A376EC}"
EndProject
Global
	GlobalSection(SolutionConfigurationPlatforms) = preSolution
		Debug|Any CPU = Debug|Any CPU
		Release|Any CPU = Release|Any CPU
	EndGlobalSection
	GlobalSection(ProjectConfigurationPlatforms) = postSolution
		{C7A623E3-E4CE-43D7-8044-8AF952A376EC}.Debug|Any CPU.ActiveCfg = Debug|Any CPU
		{C7A623E3-E4CE-43D7-8044-8AF952A376EC}.Debug|Any CPU.Build.0 = Debug|Any CPU
		{C7A623E3-E4CE-43D7-8044-8AF952A376EC}.Release|Any CPU.ActiveCfg = Release|Any CPU
		{C7A623E3-E4CE-43D7-8044-8AF952A376EC}.Release|Any CPU.Build.0 = Release|Any CPU
	EndGlobalSection
	GlobalSection(SolutionProperties) = preSolution
		HideSolutionNode = FALSE
	EndGlobalSection
	GlobalSection(ExtensibilityGlobals) = postSolution
		SolutionGuid = {FD788DEC-576B-4BB1-AA06-89124C624B4F}
	EndGlobalSection
EndGlobal
